{
  "name": "ekstraksi-voucher",
  "version": "0.1.0",
  "lockfileVersion": 2,
  "requires": true,
  "packages": {
    "": {
      "name": "ekstraksi-voucher",
      "version": "0.1.0",
      "private": true,
      "dependencies": {
        "react": "^18.2.0",
        "react-dom": "^18.2.0",
        "react-scripts": "5.0.1"
      }
    },
    "node_modules/react": {
      "version": "18.2.0",
      "resolved": "https://registry.npmjs.org/react/-/react-18.2.0.tgz",
      "integrity": "sha512-2ZyFh3WbM5i8k1vP6y3dL4qztmOxXaLgXim7G7W+0FsUMR9iTbzGxUQ5oV8wZlT8TQy3fX9c+YFcz6gI0M1l6g==",
      "peer": true
    },
    "node_modules/react-dom": {
      "version": "18.2.0",
      "resolved": "https://registry.npmjs.org/react-dom/-/react-dom-18.2.0.tgz",
      "integrity": "sha512-BGfPvV3a3y0n7VvWl+hw6PiCxj0fpY8FQwzZz+Zk9s6AwVbXg0U6iyFyJ5x5ZBd5hkrT93c4f7M1hX3pF+8pDA==",
      "peer": true,
      "dependencies": {
        "react": "^18.2.0"
      }
    },
    "node_modules/react-scripts": {
      "version": "5.0.1",
      "resolved": "https://registry.npmjs.org/react-scripts/-/react-scripts-5.0.1.tgz",
      "integrity": "sha512-GW1vXq8wC8sXlA8lYzH0kPZQl9b1hK7ohtqH6GL+2F1MxFzVx0wW63Mv+TExm8o6VvT3yFtx7V5v2nBLqAdkEw==",
      "dev": true,
      "dependencies": {
        "react-dev-utils": "^12.0.0",
        "react": "^18.2.0",
        "react-dom": "^18.2.0"
      }
    },
    "node_modules/react-dev-utils": {
      "version": "12.0.0",
      "resolved": "https://registry.npmjs.org/react-dev-utils/-/react-dev-utils-12.0.0.tgz",
      "integrity": "sha512-++mYqZhrkMwCEpZsEkkW9mXcENIvd6mH6tU7q5eIBTnJ3jH0T6mNfQ3n7uR9m/XDZQf+hxW8GhNYOqT0MBz9xw==",
      "dependencies": {
        "cross-spawn": "^7.0.3",
        "chalk": "^4.0.0"
      }
    }
  },
  "dependencies": {
    "react": {
      "version": "18.2.0",
      "resolved": "https://registry.npmjs.org/react/-/react-18.2.0.tgz",
      "integrity": "sha512-2ZyFh3WbM5i8k1vP6y3dL4qztmOxXaLgXim7G7W+0FsUMR9iTbzGxUQ5oV8wZlT8TQy3fX9c+YFcz6gI0M1l6g=="
    },
    "react-dom": {
      "version": "18.2.0",
      "resolved": "https://registry.npmjs.org/react-dom/-/react-dom-18.2.0.tgz",
      "integrity": "sha512-BGfPvV3a3y0n7VvWl+hw6PiCxj0fpY8FQwzZz+Zk9s6AwVbXg0U6iyFyJ5x5ZBd5hkrT93c4f7M1hX3pF+8pDA=="
    },
    "react-scripts": {
      "version": "5.0.1",
      "resolved": "https://registry.npmjs.org/react-scripts/-/react-scripts-5.0.1.tgz",
      "integrity": "sha512-GW1vXq8wC8sXlA8lYzH0kPZQl9b1hK7ohtqH6GL+2F1MxFzVx0wW63Mv+TExm8o6VvT3yFtx7V5v2nBLqAdkEw==",
      "dev": true
    }
  }
}
